// !$*UTF8*$!
{
	archiveVersion = 1;
	classes = {
	};
	objectVersion = 56;
	objects = {

/* Begin PBXBuildFile section */
		0FFAA56F6A96A35805E87BC9 /* ScheduleView.swift in Sources */ = {isa = PBXBuildFile; fileRef = 1D0F74C5CF7E5B4A2836E533 /* ScheduleView.swift */; };
		136C51D6F896586672BC076C /* AnimeListViewModel.swift in Sources */ = {isa = PBXBuildFile; fileRef = 493BDC28A20B74739F05FA6E /* AnimeListViewModel.swift */; };
		1C02E5FCF13564526741C07D /* MyAnimeListViewModel.swift in Sources */ = {isa = PBXBuildFile; fileRef = 419AEFDEEEF43A9A4A745194 /* MyAnimeListViewModel.swift */; };
		1C15F2E8980EBDE28D938B09 /* NewsListView.swift in Sources */ = {isa = PBXBuildFile; fileRef = BC4FFF89C1A808280795385E /* NewsListView.swift */; };
		25893A0F649F497537BD178C /* NavigationItem.swift in Sources */ = {isa = PBXBuildFile; fileRef = EF91427D3B6BBC4E2FD0D68B /* NavigationItem.swift */; };
		2DB0804C5C5E193D8BCE2CC7 /* AnimeListView.swift in Sources */ = {isa = PBXBuildFile; fileRef = 4BD5608907715B664D41670E /* AnimeListView.swift */; };
		2E288FE67B8FA7FA2AE0564D /* NetworkThrottler.swift in Sources */ = {isa = PBXBuildFile; fileRef = 7E740E1ECEE66079F4B80542 /* NetworkThrottler.swift */; };
		3B5607797162EF533E312D45 /* ActivityRing.swift in Sources */ = {isa = PBXBuildFile; fileRef = 4DF2E0853057A82C6DE3BC05 /* ActivityRing.swift */; };
		3C7B0154C34671C736333391 /* Sidebar.swift in Sources */ = {isa = PBXBuildFile; fileRef = D0ADB8AAA5B05195358321C9 /* Sidebar.swift */; };
		41808958D2D41AF086BCAF4B /* StorageService.swift in Sources */ = {isa = PBXBuildFile; fileRef = C76D09B4DCBE8A60A1171079 /* StorageService.swift */; };
		43C12302CA9A0029BC921BB7 /* Constants.swift in Sources */ = {isa = PBXBuildFile; fileRef = 8FB9B66C30F1EC7001D267AE /* Constants.swift */; };
		4A75D889FEDDA97848D43E7A /* animenewsApp.swift in Sources */ = {isa = PBXBuildFile; fileRef = 59F3B448FA055FC375309693 /* animenewsApp.swift */; };
		59E832C8782D86C6555FC6E1 /* NewsItem.swift in Sources */ = {isa = PBXBuildFile; fileRef = 59B712FE3D311B6937C44C34 /* NewsItem.swift */; };
		5A6CA70E78945D1DF146EE76 /* AnimeDetailView.swift in Sources */ = {isa = PBXBuildFile; fileRef = 28F3E37AB89DE3435EB4F365 /* AnimeDetailView.swift */; };
		62603102B06868561F3DD96C /* MyAnimeListView.swift in Sources */ = {isa = PBXBuildFile; fileRef = AFCE59788A07FB13735D69D6 /* MyAnimeListView.swift */; };
		81A063CBB08F55CD6F95E6A3 /* JikanResponse.swift in Sources */ = {isa = PBXBuildFile; fileRef = 06266344788768C2FAB5FD63 /* JikanResponse.swift */; };
		82D99CDC5807E72A5C44A28E /* ChartDataCalculator.swift in Sources */ = {isa = PBXBuildFile; fileRef = 6D1CBC1440FC5AEEA2DB261E /* ChartDataCalculator.swift */; };
		8394445B28BDD857B7DD2274 /* Theme.swift in Sources */ = {isa = PBXBuildFile; fileRef = D1899C2E9F0F7232793C6949 /* Theme.swift */; };
		83D130FD748A2AC1484262F2 /* WebView.swift in Sources */ = {isa = PBXBuildFile; fileRef = 4737074D7795AF3CA14F577E /* WebView.swift */; };
		9266A44C1D4C1F4FA7B87EAF /* RootView.swift in Sources */ = {isa = PBXBuildFile; fileRef = 6F7968770E505E6A1B0C95CF /* RootView.swift */; };
		92A5FC5912019B291B819DDA /* SettingsView.swift in Sources */ = {isa = PBXBuildFile; fileRef = 728D6B1CE4A95E86258DD6C5 /* SettingsView.swift */; };
		9B0C6AD167857E676E6C3253 /* AsyncImageView.swift in Sources */ = {isa = PBXBuildFile; fileRef = CDE7EFBC63EDA48F8111D27C /* AsyncImageView.swift */; };
		ADC249E9F5868695593F5F09 /* CardView.swift in Sources */ = {isa = PBXBuildFile; fileRef = EE0A04672EFD3184FB5474CA /* CardView.swift */; };
		B1968250A595207F0D720E85 /* JikanService.swift in Sources */ = {isa = PBXBuildFile; fileRef = CBCB199359820BB86361DA73 /* JikanService.swift */; };
		B582AC2B8FD5B20AF28C9950 /* ImageCache.swift in Sources */ = {isa = PBXBuildFile; fileRef = A3861E5B62B153401F741874 /* ImageCache.swift */; };
		BFAD1DEB024C4D2CC63DD1C7 /* RSSParser.swift in Sources */ = {isa = PBXBuildFile; fileRef = 0E23A5ADA1B4CCB4EBBE95E6 /* RSSParser.swift */; };
		C01F8196A381F09417431930 /* InspectorPanel.swift in Sources */ = {isa = PBXBuildFile; fileRef = 7FB7A8C9B012B7649A94802B /* InspectorPanel.swift */; };
		C076A54A105EA83F5BEA9ECB /* DashboardViewModel.swift in Sources */ = {isa = PBXBuildFile; fileRef = C1451A6ABB254AE21DA50BFB /* DashboardViewModel.swift */; };
		C7806A7612A34B16A786A47B /* DashboardView.swift in Sources */ = {isa = PBXBuildFile; fileRef = F7E84A05A177FFF19EE3121E /* DashboardView.swift */; };
		CC78E522ED45D300123107C9 /* TrackedAnime.swift in Sources */ = {isa = PBXBuildFile; fileRef = 3519ACDBA2B8780CD47AA9CF /* TrackedAnime.swift */; };
		CF3CBDE2E52BA3626CD9766F /* AnimeDetailViewModel.swift in Sources */ = {isa = PBXBuildFile; fileRef = 2F7AD6B6DC88260A1BC9FE2A /* AnimeDetailViewModel.swift */; };
		DA0F438D4499005AA9974AB2 /* Anime.swift in Sources */ = {isa = PBXBuildFile; fileRef = 9CF107C5633BE0D295ACF21E /* Anime.swift */; };
		DCCBD493A66CEF5DB862D378 /* NewsViewModel.swift in Sources */ = {isa = PBXBuildFile; fileRef = 22DDF74599B4989B7A79124B /* NewsViewModel.swift */; };
		DDE4759859874A5B04A8BB39 /* TrendChart.swift in Sources */ = {isa = PBXBuildFile; fileRef = 74DE88BEFD69EDC7E9D9C352 /* TrendChart.swift */; };
		E1DB8F9B2F2D645D00822052 /* animenews.xcdatamodeld in Sources */ = {isa = PBXBuildFile; fileRef = E1DB8F992F2D645D00822052 /* animenews.xcdatamodeld */; };
		E1DB8F9F2F2D646000822052 /* Assets.xcassets in Resources */ = {isa = PBXBuildFile; fileRef = E1DB8F9E2F2D646000822052 /* Assets.xcassets */; };
		E1DB8FA32F2D646000822052 /* Preview Assets.xcassets in Resources */ = {isa = PBXBuildFile; fileRef = E1DB8FA22F2D646000822052 /* Preview Assets.xcassets */; };
		F19DAF0B4BCD0F115795BDE8 /* StoreView.swift in Sources */ = {isa = PBXBuildFile; fileRef = BBB7C0531092E3F8F4C7EE58 /* StoreView.swift */; };
		FE99DC2CE2826F7863F91137 /* NewsDetailView.swift in Sources */ = {isa = PBXBuildFile; fileRef = 6E8F880283454C5B59BE091E /* NewsDetailView.swift */; };
/* End PBXBuildFile section */

/* Begin PBXFileReference section */
		06266344788768C2FAB5FD63 /* JikanResponse.swift */ = {isa = PBXFileReference; includeInIndex = 1; lastKnownFileType = sourcecode.swift; name = JikanResponse.swift; path = Models/JikanResponse.swift; sourceTree = "<group>"; };
		0E23A5ADA1B4CCB4EBBE95E6 /* RSSParser.swift */ = {isa = PBXFileReference; includeInIndex = 1; lastKnownFileType = sourcecode.swift; name = RSSParser.swift; path = Services/RSSParser.swift; sourceTree = "<group>"; };
		1D0F74C5CF7E5B4A2836E533 /* ScheduleView.swift */ = {isa = PBXFileReference; includeInIndex = 1; lastKnownFileType = sourcecode.swift; name = ScheduleView.swift; path = animenews/Views/Schedule/ScheduleView.swift; sourceTree = SOURCE_ROOT; };
		22DDF74599B4989B7A79124B /* NewsViewModel.swift */ = {isa = PBXFileReference; includeInIndex = 1; lastKnownFileType = sourcecode.swift; name = NewsViewModel.swift; path = ViewModels/NewsViewModel.swift; sourceTree = "<group>"; };
		28F3E37AB89DE3435EB4F365 /* AnimeDetailView.swift */ = {isa = PBXFileReference; includeInIndex = 1; lastKnownFileType = sourcecode.swift; name = AnimeDetailView.swift; path = Views/Database/AnimeDetailView.swift; sourceTree = "<group>"; };
		2F7AD6B6DC88260A1BC9FE2A /* AnimeDetailViewModel.swift */ = {isa = PBXFileReference; includeInIndex = 1; lastKnownFileType = sourcecode.swift; name = AnimeDetailViewModel.swift; path = ViewModels/AnimeDetailViewModel.swift; sourceTree = "<group>"; };
		3519ACDBA2B8780CD47AA9CF /* TrackedAnime.swift */ = {isa = PBXFileReference; includeInIndex = 1; lastKnownFileType = sourcecode.swift; name = TrackedAnime.swift; path = Models/TrackedAnime.swift; sourceTree = "<group>"; };
		419AEFDEEEF43A9A4A745194 /* MyAnimeListViewModel.swift */ = {isa = PBXFileReference; includeInIndex = 1; lastKnownFileType = sourcecode.swift; name = MyAnimeListViewModel.swift; path = ViewModels/MyAnimeListViewModel.swift; sourceTree = "<group>"; };
		4737074D7795AF3CA14F577E /* WebView.swift */ = {isa = PBXFileReference; includeInIndex = 1; lastKnownFileType = sourcecode.swift; name = WebView.swift; path = Views/Shared/WebView.swift; sourceTree = "<group>"; };
		493BDC28A20B74739F05FA6E /* AnimeListViewModel.swift */ = {isa = PBXFileReference; includeInIndex = 1; lastKnownFileType = sourcecode.swift; name = AnimeListViewModel.swift; path = ViewModels/AnimeListViewModel.swift; sourceTree = "<group>"; };
		4BD5608907715B664D41670E /* AnimeListView.swift */ = {isa = PBXFileReference; includeInIndex = 1; lastKnownFileType = sourcecode.swift; name = AnimeListView.swift; path = Views/Database/AnimeListView.swift; sourceTree = "<group>"; };
		4DF2E0853057A82C6DE3BC05 /* ActivityRing.swift */ = {isa = PBXFileReference; includeInIndex = 1; lastKnownFileType = sourcecode.swift; name = ActivityRing.swift; path = Views/Dashboard/ActivityRing.swift; sourceTree = "<group>"; };
		59B712FE3D311B6937C44C34 /* NewsItem.swift */ = {isa = PBXFileReference; includeInIndex = 1; lastKnownFileType = sourcecode.swift; name = NewsItem.swift; path = Models/NewsItem.swift; sourceTree = "<group>"; };
		59F3B448FA055FC375309693 /* animenewsApp.swift */ = {isa = PBXFileReference; includeInIndex = 1; lastKnownFileType = sourcecode.swift; name = animenewsApp.swift; path = App/animenewsApp.swift; sourceTree = "<group>"; };
		6D1CBC1440FC5AEEA2DB261E /* ChartDataCalculator.swift */ = {isa = PBXFileReference; includeInIndex = 1; lastKnownFileType = sourcecode.swift; name = ChartDataCalculator.swift; path = Services/ChartDataCalculator.swift; sourceTree = "<group>"; };
		6E8F880283454C5B59BE091E /* NewsDetailView.swift */ = {isa = PBXFileReference; includeInIndex = 1; lastKnownFileType = sourcecode.swift; name = NewsDetailView.swift; path = Views/News/NewsDetailView.swift; sourceTree = "<group>"; };
		6F7968770E505E6A1B0C95CF /* RootView.swift */ = {isa = PBXFileReference; includeInIndex = 1; lastKnownFileType = sourcecode.swift; name = RootView.swift; path = Views/Main/RootView.swift; sourceTree = "<group>"; };
		728D6B1CE4A95E86258DD6C5 /* SettingsView.swift */ = {isa = PBXFileReference; includeInIndex = 1; lastKnownFileType = sourcecode.swift; name = SettingsView.swift; path = Views/Settings/SettingsView.swift; sourceTree = "<group>"; };
		74DE88BEFD69EDC7E9D9C352 /* TrendChart.swift */ = {isa = PBXFileReference; includeInIndex = 1; lastKnownFileType = sourcecode.swift; name = TrendChart.swift; path = Views/Dashboard/TrendChart.swift; sourceTree = "<group>"; };
		7E740E1ECEE66079F4B80542 /* NetworkThrottler.swift */ = {isa = PBXFileReference; includeInIndex = 1; lastKnownFileType = sourcecode.swift; name = NetworkThrottler.swift; path = animenews/Services/NetworkThrottler.swift; sourceTree = SOURCE_ROOT; };
		7FB7A8C9B012B7649A94802B /* InspectorPanel.swift */ = {isa = PBXFileReference; includeInIndex = 1; lastKnownFileType = sourcecode.swift; name = InspectorPanel.swift; path = animenews/Views/Detail/InspectorPanel.swift; sourceTree = SOURCE_ROOT; };
		8FB9B66C30F1EC7001D267AE /* Constants.swift */ = {isa = PBXFileReference; includeInIndex = 1; lastKnownFileType = sourcecode.swift; name = Constants.swift; path = Utilities/Constants.swift; sourceTree = "<group>"; };
		9CF107C5633BE0D295ACF21E /* Anime.swift */ = {isa = PBXFileReference; includeInIndex = 1; lastKnownFileType = sourcecode.swift; name = Anime.swift; path = Models/Anime.swift; sourceTree = "<group>"; };
		A3861E5B62B153401F741874 /* ImageCache.swift */ = {isa = PBXFileReference; includeInIndex = 1; lastKnownFileType = sourcecode.swift; name = ImageCache.swift; path = animenews/Services/ImageCache.swift; sourceTree = SOURCE_ROOT; };
		AFCE59788A07FB13735D69D6 /* MyAnimeListView.swift */ = {isa = PBXFileReference; includeInIndex = 1; lastKnownFileType = sourcecode.swift; name = MyAnimeListView.swift; path = Views/Database/MyAnimeListView.swift; sourceTree = "<group>"; };
		BBB7C0531092E3F8F4C7EE58 /* StoreView.swift */ = {isa = PBXFileReference; includeInIndex = 1; lastKnownFileType = sourcecode.swift; name = StoreView.swift; path = animenews/Views/Settings/StoreView.swift; sourceTree = SOURCE_ROOT; };
		BC4FFF89C1A808280795385E /* NewsListView.swift */ = {isa = PBXFileReference; includeInIndex = 1; lastKnownFileType = sourcecode.swift; name = NewsListView.swift; path = Views/News/NewsListView.swift; sourceTree = "<group>"; };
		C1451A6ABB254AE21DA50BFB /* DashboardViewModel.swift */ = {isa = PBXFileReference; includeInIndex = 1; lastKnownFileType = sourcecode.swift; name = DashboardViewModel.swift; path = ViewModels/DashboardViewModel.swift; sourceTree = "<group>"; };
		C76D09B4DCBE8A60A1171079 /* StorageService.swift */ = {isa = PBXFileReference; includeInIndex = 1; lastKnownFileType = sourcecode.swift; name = StorageService.swift; path = Services/StorageService.swift; sourceTree = "<group>"; };
		CBCB199359820BB86361DA73 /* JikanService.swift */ = {isa = PBXFileReference; includeInIndex = 1; lastKnownFileType = sourcecode.swift; name = JikanService.swift; path = Services/JikanService.swift; sourceTree = "<group>"; };
		CDE7EFBC63EDA48F8111D27C /* AsyncImageView.swift */ = {isa = PBXFileReference; includeInIndex = 1; lastKnownFileType = sourcecode.swift; name = AsyncImageView.swift; path = Views/Shared/AsyncImageView.swift; sourceTree = "<group>"; };
		D0ADB8AAA5B05195358321C9 /* Sidebar.swift */ = {isa = PBXFileReference; includeInIndex = 1; lastKnownFileType = sourcecode.swift; name = Sidebar.swift; path = Views/Navigation/Sidebar.swift; sourceTree = "<group>"; };
		D1899C2E9F0F7232793C6949 /* Theme.swift */ = {isa = PBXFileReference; includeInIndex = 1; lastKnownFileType = sourcecode.swift; name = Theme.swift; path = Utilities/Theme.swift; sourceTree = "<group>"; };
		E1DB8F922F2D645D00822052 /* animenews.app */ = {isa = PBXFileReference; explicitFileType = wrapper.application; includeInIndex = 0; path = animenews.app; sourceTree = BUILT_PRODUCTS_DIR; };
		E1DB8F9E2F2D646000822052 /* Assets.xcassets */ = {isa = PBXFileReference; lastKnownFileType = folder.assetcatalog; path = Assets.xcassets; sourceTree = "<group>"; };
		E1DB8FA02F2D646000822052 /* animenews.entitlements */ = {isa = PBXFileReference; lastKnownFileType = text.plist.entitlements; path = animenews.entitlements; sourceTree = "<group>"; };
		E1DB8FA22F2D646000822052 /* Preview Assets.xcassets */ = {isa = PBXFileReference; lastKnownFileType = folder.assetcatalog; path = "Preview Assets.xcassets"; sourceTree = "<group>"; };
		EE0A04672EFD3184FB5474CA /* CardView.swift */ = {isa = PBXFileReference; includeInIndex = 1; lastKnownFileType = sourcecode.swift; name = CardView.swift; path = Views/Components/CardView.swift; sourceTree = "<group>"; };
		EF91427D3B6BBC4E2FD0D68B /* NavigationItem.swift */ = {isa = PBXFileReference; includeInIndex = 1; lastKnownFileType = sourcecode.swift; name = NavigationItem.swift; path = Models/NavigationItem.swift; sourceTree = "<group>"; };
		F7E84A05A177FFF19EE3121E /* DashboardView.swift */ = {isa = PBXFileReference; includeInIndex = 1; lastKnownFileType = sourcecode.swift; name = DashboardView.swift; path = Views/Dashboard/DashboardView.swift; sourceTree = "<group>"; };
/* End PBXFileReference section */

/* Begin PBXFrameworksBuildPhase section */
		E1DB8F8F2F2D645D00822052 /* Frameworks */ = {
			isa = PBXFrameworksBuildPhase;
			buildActionMask = 2147483647;
			files = (
			);
			runOnlyForDeploymentPostprocessing = 0;
		};
/* End PBXFrameworksBuildPhase section */

/* Begin PBXGroup section */
		08F19C86E14930601FA5B470 /* App */ = {
			isa = PBXGroup;
			children = (
				59F3B448FA055FC375309693 /* animenewsApp.swift */,
			);
			name = App;
			sourceTree = "<group>";
		};
		11BB0488809170A7C2A4E181 /* Settings */ = {
			isa = PBXGroup;
			children = (
				728D6B1CE4A95E86258DD6C5 /* SettingsView.swift */,
				BBB7C0531092E3F8F4C7EE58 /* StoreView.swift */,
			);
			name = Settings;
			sourceTree = "<group>";
		};
		1392AFC2DC45BF40B1EFE141 /* Schedule */ = {
			isa = PBXGroup;
			children = (
				1D0F74C5CF7E5B4A2836E533 /* ScheduleView.swift */,
			);
			name = Schedule;
			sourceTree = "<group>";
		};
		1F3CF9DA164F1D001510EF23 /* Shared */ = {
			isa = PBXGroup;
			children = (
				CDE7EFBC63EDA48F8111D27C /* AsyncImageView.swift */,
				4737074D7795AF3CA14F577E /* WebView.swift */,
			);
			name = Shared;
			sourceTree = "<group>";
		};
		2710A33013B85017F990CE42 /* Database */ = {
			isa = PBXGroup;
			children = (
				4BD5608907715B664D41670E /* AnimeListView.swift */,
				28F3E37AB89DE3435EB4F365 /* AnimeDetailView.swift */,
				AFCE59788A07FB13735D69D6 /* MyAnimeListView.swift */,
			);
			name = Database;
			sourceTree = "<group>";
		};
		3D2C2E85D7B0CCF9D3D87BDB /* Components */ = {
			isa = PBXGroup;
			children = (
				EE0A04672EFD3184FB5474CA /* CardView.swift */,
			);
			name = Components;
			sourceTree = "<group>";
		};
		5CF6B400ECD027CAB726CE12 /* Views */ = {
			isa = PBXGroup;
			children = (
				2710A33013B85017F990CE42 /* Database */,
				1F3CF9DA164F1D001510EF23 /* Shared */,
				C9192A8097D0DE941DBB08DB /* News */,
				614C18593D9E48266E44EB1D /* Main */,
				11BB0488809170A7C2A4E181 /* Settings */,
				E7D02E2F115EA02F80324DFF /* Dashboard */,
				84A7A18BF8D6AAA952F7F6A8 /* Navigation */,
				3D2C2E85D7B0CCF9D3D87BDB /* Components */,
				1392AFC2DC45BF40B1EFE141 /* Schedule */,
				910B2A2D63DB65CAC712FCD6 /* Detail */,
			);
			name = Views;
			sourceTree = "<group>";
		};
		614C18593D9E48266E44EB1D /* Main */ = {
			isa = PBXGroup;
			children = (
				6F7968770E505E6A1B0C95CF /* RootView.swift */,
			);
			name = Main;
			sourceTree = "<group>";
		};
		76DE3B3DF42079AF175125E1 /* Models */ = {
			isa = PBXGroup;
			children = (
				59B712FE3D311B6937C44C34 /* NewsItem.swift */,
				9CF107C5633BE0D295ACF21E /* Anime.swift */,
				06266344788768C2FAB5FD63 /* JikanResponse.swift */,
				EF91427D3B6BBC4E2FD0D68B /* NavigationItem.swift */,
				3519ACDBA2B8780CD47AA9CF /* TrackedAnime.swift */,
			);
			name = Models;
			sourceTree = "<group>";
		};
		84A7A18BF8D6AAA952F7F6A8 /* Navigation */ = {
			isa = PBXGroup;
			children = (
				D0ADB8AAA5B05195358321C9 /* Sidebar.swift */,
			);
			name = Navigation;
			sourceTree = "<group>";
		};
		910B2A2D63DB65CAC712FCD6 /* Detail */ = {
			isa = PBXGroup;
			children = (
				7FB7A8C9B012B7649A94802B /* InspectorPanel.swift */,
			);
			name = Detail;
			sourceTree = "<group>";
		};
		C527400FB88FE7D5158FC3DC /* ViewModels */ = {
			isa = PBXGroup;
			children = (
				22DDF74599B4989B7A79124B /* NewsViewModel.swift */,
				493BDC28A20B74739F05FA6E /* AnimeListViewModel.swift */,
				C1451A6ABB254AE21DA50BFB /* DashboardViewModel.swift */,
				2F7AD6B6DC88260A1BC9FE2A /* AnimeDetailViewModel.swift */,
				419AEFDEEEF43A9A4A745194 /* MyAnimeListViewModel.swift */,
			);
			name = ViewModels;
			sourceTree = "<group>";
		};
		C9192A8097D0DE941DBB08DB /* News */ = {
			isa = PBXGroup;
			children = (
				BC4FFF89C1A808280795385E /* NewsListView.swift */,
				6E8F880283454C5B59BE091E /* NewsDetailView.swift */,
			);
			name = News;
			sourceTree = "<group>";
		};
		E1DB8F892F2D645D00822052 = {
			isa = PBXGroup;
			children = (
				E1DB8F942F2D645D00822052 /* animenews */,
				E1DB8F932F2D645D00822052 /* Products */,
			);
			sourceTree = "<group>";
		};
		E1DB8F932F2D645D00822052 /* Products */ = {
			isa = PBXGroup;
			children = (
				E1DB8F922F2D645D00822052 /* animenews.app */,
			);
			name = Products;
			sourceTree = "<group>";
		};
		E1DB8F942F2D645D00822052 /* animenews */ = {
			isa = PBXGroup;
			children = (
				E1DB8F9E2F2D646000822052 /* Assets.xcassets */,
				E1DB8FA02F2D646000822052 /* animenews.entitlements */,
				E1DB8F992F2D645D00822052 /* animenews.xcdatamodeld */,
				E1DB8FA12F2D646000822052 /* Preview Content */,
				C527400FB88FE7D5158FC3DC /* ViewModels */,
				08F19C86E14930601FA5B470 /* App */,
				76DE3B3DF42079AF175125E1 /* Models */,
				E84177EE5D2356BCD7690CDE /* Utilities */,
				5CF6B400ECD027CAB726CE12 /* Views */,
				EF81D04610AD2E01C82E78E9 /* Services */,
			);
			path = animenews;
			sourceTree = "<group>";
		};
		E1DB8FA12F2D646000822052 /* Preview Content */ = {
			isa = PBXGroup;
			children = (
				E1DB8FA22F2D646000822052 /* Preview Assets.xcassets */,
			);
			path = "Preview Content";
			sourceTree = "<group>";
		};
		E7D02E2F115EA02F80324DFF /* Dashboard */ = {
			isa = PBXGroup;
			children = (
				F7E84A05A177FFF19EE3121E /* DashboardView.swift */,
				4DF2E0853057A82C6DE3BC05 /* ActivityRing.swift */,
				74DE88BEFD69EDC7E9D9C352 /* TrendChart.swift */,
			);
			name = Dashboard;
			sourceTree = "<group>";
		};
		E84177EE5D2356BCD7690CDE /* Utilities */ = {
			isa = PBXGroup;
			children = (
				8FB9B66C30F1EC7001D267AE /* Constants.swift */,
				D1899C2E9F0F7232793C6949 /* Theme.swift */,
			);
			name = Utilities;
			sourceTree = "<group>";
		};
		EF81D04610AD2E01C82E78E9 /* Services */ = {
			isa = PBXGroup;
			children = (
				0E23A5ADA1B4CCB4EBBE95E6 /* RSSParser.swift */,
				CBCB199359820BB86361DA73 /* JikanService.swift */,
				6D1CBC1440FC5AEEA2DB261E /* ChartDataCalculator.swift */,
				C76D09B4DCBE8A60A1171079 /* StorageService.swift */,
				7E740E1ECEE66079F4B80542 /* NetworkThrottler.swift */,
				A3861E5B62B153401F741874 /* ImageCache.swift */,
			);
			name = Services;
			sourceTree = "<group>";
		};
/* End PBXGroup section */

/* Begin PBXNativeTarget section */
		E1DB8F912F2D645D00822052 /* animenews */ = {
			isa = PBXNativeTarget;
			buildConfigurationList = E1DB8FA62F2D646000822052 /* Build configuration list for PBXNativeTarget "animenews" */;
			buildPhases = (
				E1DB8F8E2F2D645D00822052 /* Sources */,
				E1DB8F8F2F2D645D00822052 /* Frameworks */,
				E1DB8F902F2D645D00822052 /* Resources */,
			);
			buildRules = (
			);
			dependencies = (
			);
			name = animenews;
			productName = animenews;
			productReference = E1DB8F922F2D645D00822052 /* animenews.app */;
			productType = "com.apple.product-type.application";
		};
/* End PBXNativeTarget section */

/* Begin PBXProject section */
		E1DB8F8A2F2D645D00822052 /* Project object */ = {
			isa = PBXProject;
			attributes = {
				BuildIndependentTargetsInParallel = 1;
				LastSwiftUpdateCheck = 1420;
				LastUpgradeCheck = 1420;
				TargetAttributes = {
					E1DB8F912F2D645D00822052 = {
						CreatedOnToolsVersion = 14.2;
					};
				};
			};
			buildConfigurationList = E1DB8F8D2F2D645D00822052 /* Build configuration list for PBXProject "animenews" */;
			compatibilityVersion = "Xcode 14.0";
			developmentRegion = en;
			hasScannedForEncodings = 0;
			knownRegions = (
				en,
				Base,
			);
			mainGroup = E1DB8F892F2D645D00822052;
			productRefGroup = E1DB8F932F2D645D00822052 /* Products */;
			projectDirPath = "";
			projectRoot = "";
			targets = (
				E1DB8F912F2D645D00822052 /* animenews */,
			);
		};
/* End PBXProject section */

/* Begin PBXResourcesBuildPhase section */
		E1DB8F902F2D645D00822052 /* Resources */ = {
			isa = PBXResourcesBuildPhase;
			buildActionMask = 2147483647;
			files = (
				E1DB8FA32F2D646000822052 /* Preview Assets.xcassets in Resources */,
				E1DB8F9F2F2D646000822052 /* Assets.xcassets in Resources */,
			);
			runOnlyForDeploymentPostprocessing = 0;
		};
/* End PBXResourcesBuildPhase section */

/* Begin PBXSourcesBuildPhase section */
		E1DB8F8E2F2D645D00822052 /* Sources */ = {
			isa = PBXSourcesBuildPhase;
			buildActionMask = 2147483647;
			files = (
				E1DB8F9B2F2D645D00822052 /* animenews.xcdatamodeld in Sources */,
				DCCBD493A66CEF5DB862D378 /* NewsViewModel.swift in Sources */,
				136C51D6F896586672BC076C /* AnimeListViewModel.swift in Sources */,
				4A75D889FEDDA97848D43E7A /* animenewsApp.swift in Sources */,
				59E832C8782D86C6555FC6E1 /* NewsItem.swift in Sources */,
				DA0F438D4499005AA9974AB2 /* Anime.swift in Sources */,
				81A063CBB08F55CD6F95E6A3 /* JikanResponse.swift in Sources */,
				43C12302CA9A0029BC921BB7 /* Constants.swift in Sources */,
				2DB0804C5C5E193D8BCE2CC7 /* AnimeListView.swift in Sources */,
				5A6CA70E78945D1DF146EE76 /* AnimeDetailView.swift in Sources */,
				9B0C6AD167857E676E6C3253 /* AsyncImageView.swift in Sources */,
				1C15F2E8980EBDE28D938B09 /* NewsListView.swift in Sources */,
				9266A44C1D4C1F4FA7B87EAF /* RootView.swift in Sources */,
				BFAD1DEB024C4D2CC63DD1C7 /* RSSParser.swift in Sources */,
				B1968250A595207F0D720E85 /* JikanService.swift in Sources */,
				92A5FC5912019B291B819DDA /* SettingsView.swift in Sources */,
				C7806A7612A34B16A786A47B /* DashboardView.swift in Sources */,
				83D130FD748A2AC1484262F2 /* WebView.swift in Sources */,
				FE99DC2CE2826F7863F91137 /* NewsDetailView.swift in Sources */,
				C076A54A105EA83F5BEA9ECB /* DashboardViewModel.swift in Sources */,
				25893A0F649F497537BD178C /* NavigationItem.swift in Sources */,
				3C7B0154C34671C736333391 /* Sidebar.swift in Sources */,
				3B5607797162EF533E312D45 /* ActivityRing.swift in Sources */,
				DDE4759859874A5B04A8BB39 /* TrendChart.swift in Sources */,
				82D99CDC5807E72A5C44A28E /* ChartDataCalculator.swift in Sources */,
				CF3CBDE2E52BA3626CD9766F /* AnimeDetailViewModel.swift in Sources */,
				1C02E5FCF13564526741C07D /* MyAnimeListViewModel.swift in Sources */,
				CC78E522ED45D300123107C9 /* TrackedAnime.swift in Sources */,
				8394445B28BDD857B7DD2274 /* Theme.swift in Sources */,
				62603102B06868561F3DD96C /* MyAnimeListView.swift in Sources */,
				ADC249E9F5868695593F5F09 /* CardView.swift in Sources */,
				41808958D2D41AF086BCAF4B /* StorageService.swift in Sources */,
				0FFAA56F6A96A35805E87BC9 /* ScheduleView.swift in Sources */,
				2E288FE67B8FA7FA2AE0564D /* NetworkThrottler.swift in Sources */,
				B582AC2B8FD5B20AF28C9950 /* ImageCache.swift in Sources */,
				F19DAF0B4BCD0F115795BDE8 /* StoreView.swift in Sources */,
				C01F8196A381F09417431930 /* InspectorPanel.swift in Sources */,
			);
			runOnlyForDeploymentPostprocessing = 0;
		};
/* End PBXSourcesBuildPhase section */

/* Begin XCBuildConfiguration section */
		E1DB8FA42F2D646000822052 /* Debug */ = {
			isa = XCBuildConfiguration;
			buildSettings = {
				ALWAYS_SEARCH_USER_PATHS = NO;
				CLANG_ANALYZER_NONNULL = YES;
				CLANG_ANALYZER_NUMBER_OBJECT_CONVERSION = YES_AGGRESSIVE;
				CLANG_CXX_LANGUAGE_STANDARD = "gnu++20";
				CLANG_ENABLE_MODULES = YES;
				CLANG_ENABLE_OBJC_ARC = YES;
				CLANG_ENABLE_OBJC_WEAK = YES;
				CLANG_WARN_BLOCK_CAPTURE_AUTORELEASING = YES;
				CLANG_WARN_BOOL_CONVERSION = YES;
				CLANG_WARN_COMMA = YES;
				CLANG_WARN_CONSTANT_CONVERSION = YES;
				CLANG_WARN_DEPRECATED_OBJC_IMPLEMENTATIONS = YES;
				CLANG_WARN_DIRECT_OBJC_ISA_USAGE = YES_ERROR;
				CLANG_WARN_DOCUMENTATION_COMMENTS = YES;
				CLANG_WARN_EMPTY_BODY = YES;
				CLANG_WARN_ENUM_CONVERSION = YES;
				CLANG_WARN_INFINITE_RECURSION = YES;
				CLANG_WARN_INT_CONVERSION = YES;
				CLANG_WARN_NON_LITERAL_NULL_CONVERSION = YES;
				CLANG_WARN_OBJC_IMPLICIT_RETAIN_SELF = YES;
				CLANG_WARN_OBJC_LITERAL_CONVERSION = YES;
				CLANG_WARN_OBJC_ROOT_CLASS = YES_ERROR;
				CLANG_WARN_QUOTED_INCLUDE_IN_FRAMEWORK_HEADER = YES;
				CLANG_WARN_RANGE_LOOP_ANALYSIS = YES;
				CLANG_WARN_STRICT_PROTOTYPES = YES;
				CLANG_WARN_SUSPICIOUS_MOVE = YES;
				CLANG_WARN_UNGUARDED_AVAILABILITY = YES_AGGRESSIVE;
				CLANG_WARN_UNREACHABLE_CODE = YES;
				CLANG_WARN__DUPLICATE_METHOD_MATCH = YES;
				COPY_PHASE_STRIP = NO;
				DEBUG_INFORMATION_FORMAT = dwarf;
				ENABLE_STRICT_OBJC_MSGSEND = YES;
				ENABLE_TESTABILITY = YES;
				GCC_C_LANGUAGE_STANDARD = gnu11;
				GCC_DYNAMIC_NO_PIC = NO;
				GCC_NO_COMMON_BLOCKS = YES;
				GCC_OPTIMIZATION_LEVEL = 0;
				GCC_PREPROCESSOR_DEFINITIONS = (
					"DEBUG=1",
					"$(inherited)",
				);
				GCC_WARN_64_TO_32_BIT_CONVERSION = YES;
				GCC_WARN_ABOUT_RETURN_TYPE = YES_ERROR;
				GCC_WARN_UNDECLARED_SELECTOR = YES;
				GCC_WARN_UNINITIALIZED_AUTOS = YES_AGGRESSIVE;
				GCC_WARN_UNUSED_FUNCTION = YES;
				GCC_WARN_UNUSED_VARIABLE = YES;
				MTL_ENABLE_DEBUG_INFO = INCLUDE_SOURCE;
				MTL_FAST_MATH = YES;
				ONLY_ACTIVE_ARCH = YES;
				SWIFT_ACTIVE_COMPILATION_CONDITIONS = DEBUG;
				SWIFT_OPTIMIZATION_LEVEL = "-Onone";
			};
			name = Debug;
		};
		E1DB8FA52F2D646000822052 /* Release */ = {
			isa = XCBuildConfiguration;
			buildSettings = {
				ALWAYS_SEARCH_USER_PATHS = NO;
				CLANG_ANALYZER_NONNULL = YES;
				CLANG_ANALYZER_NUMBER_OBJECT_CONVERSION = YES_AGGRESSIVE;
				CLANG_CXX_LANGUAGE_STANDARD = "gnu++20";
				CLANG_ENABLE_MODULES = YES;
				CLANG_ENABLE_OBJC_ARC = YES;
				CLANG_ENABLE_OBJC_WEAK = YES;
				CLANG_WARN_BLOCK_CAPTURE_AUTORELEASING = YES;
				CLANG_WARN_BOOL_CONVERSION = YES;
				CLANG_WARN_COMMA = YES;
				CLANG_WARN_CONSTANT_CONVERSION = YES;
				CLANG_WARN_DEPRECATED_OBJC_IMPLEMENTATIONS = YES;
				CLANG_WARN_DIRECT_OBJC_ISA_USAGE = YES_ERROR;
				CLANG_WARN_DOCUMENTATION_COMMENTS = YES;
				CLANG_WARN_EMPTY_BODY = YES;
				CLANG_WARN_ENUM_CONVERSION = YES;
				CLANG_WARN_INFINITE_RECURSION = YES;
				CLANG_WARN_INT_CONVERSION = YES;
				CLANG_WARN_NON_LITERAL_NULL_CONVERSION = YES;
				CLANG_WARN_OBJC_IMPLICIT_RETAIN_SELF = YES;
				CLANG_WARN_OBJC_LITERAL_CONVERSION = YES;
				CLANG_WARN_OBJC_ROOT_CLASS = YES_ERROR;
				CLANG_WARN_QUOTED_INCLUDE_IN_FRAMEWORK_HEADER = YES;
				CLANG_WARN_RANGE_LOOP_ANALYSIS = YES;
				CLANG_WARN_STRICT_PROTOTYPES = YES;
				CLANG_WARN_SUSPICIOUS_MOVE = YES;
				CLANG_WARN_UNGUARDED_AVAILABILITY = YES_AGGRESSIVE;
				CLANG_WARN_UNREACHABLE_CODE = YES;
				CLANG_WARN__DUPLICATE_METHOD_MATCH = YES;
				COPY_PHASE_STRIP = NO;
				DEBUG_INFORMATION_FORMAT = "dwarf-with-dsym";
				ENABLE_NS_ASSERTIONS = NO;
				ENABLE_STRICT_OBJC_MSGSEND = YES;
				GCC_C_LANGUAGE_STANDARD = gnu11;
				GCC_NO_COMMON_BLOCKS = YES;
				GCC_WARN_64_TO_32_BIT_CONVERSION = YES;
				GCC_WARN_ABOUT_RETURN_TYPE = YES_ERROR;
				GCC_WARN_UNDECLARED_SELECTOR = YES;
				GCC_WARN_UNINITIALIZED_AUTOS = YES_AGGRESSIVE;
				GCC_WARN_UNUSED_FUNCTION = YES;
				GCC_WARN_UNUSED_VARIABLE = YES;
				MTL_ENABLE_DEBUG_INFO = NO;
				MTL_FAST_MATH = YES;
				SWIFT_COMPILATION_MODE = wholemodule;
				SWIFT_OPTIMIZATION_LEVEL = "-O";
			};
			name = Release;
		};
		E1DB8FA72F2D646000822052 /* Debug */ = {
			isa = XCBuildConfiguration;
			buildSettings = {
				ASSETCATALOG_COMPILER_APPICON_NAME = AppIcon;
				ASSETCATALOG_COMPILER_GLOBAL_ACCENT_COLOR_NAME = AccentColor;
				CODE_SIGN_ENTITLEMENTS = animenews/animenews.entitlements;
				CODE_SIGN_STYLE = Automatic;
				CURRENT_PROJECT_VERSION = 1;
				DEVELOPMENT_ASSET_PATHS = "\"animenews/Preview Content\"";
				ENABLE_PREVIEWS = YES;
				GENERATE_INFOPLIST_FILE = YES;
				"INFOPLIST_KEY_UIApplicationSceneManifest_Generation[sdk=iphoneos*]" = YES;
				"INFOPLIST_KEY_UIApplicationSceneManifest_Generation[sdk=iphonesimulator*]" = YES;
				"INFOPLIST_KEY_UIApplicationSupportsIndirectInputEvents[sdk=iphoneos*]" = YES;
				"INFOPLIST_KEY_UIApplicationSupportsIndirectInputEvents[sdk=iphonesimulator*]" = YES;
				"INFOPLIST_KEY_UILaunchScreen_Generation[sdk=iphoneos*]" = YES;
				"INFOPLIST_KEY_UILaunchScreen_Generation[sdk=iphonesimulator*]" = YES;
				"INFOPLIST_KEY_UIStatusBarStyle[sdk=iphoneos*]" = UIStatusBarStyleDefault;
				"INFOPLIST_KEY_UIStatusBarStyle[sdk=iphonesimulator*]" = UIStatusBarStyleDefault;
				INFOPLIST_KEY_UISupportedInterfaceOrientations_iPad = "UIInterfaceOrientationPortrait UIInterfaceOrientationPortraitUpsideDown UIInterfaceOrientationLandscapeLeft UIInterfaceOrientationLandscapeRight";
				INFOPLIST_KEY_UISupportedInterfaceOrientations_iPhone = "UIInterfaceOrientationPortrait UIInterfaceOrientationLandscapeLeft UIInterfaceOrientationLandscapeRight";
				IPHONEOS_DEPLOYMENT_TARGET = 16.2;
				LD_RUNPATH_SEARCH_PATHS = "@executable_path/Frameworks";
				"LD_RUNPATH_SEARCH_PATHS[sdk=macosx*]" = "@executable_path/../Frameworks";
				MACOSX_DEPLOYMENT_TARGET = 12.7;
				MARKETING_VERSION = 1.0;
				PRODUCT_BUNDLE_IDENTIFIER = com.iairu.animenews;
				PRODUCT_NAME = "$(TARGET_NAME)";
				SDKROOT = auto;
				SUPPORTED_PLATFORMS = "iphoneos iphonesimulator macosx";
				SWIFT_EMIT_LOC_STRINGS = YES;
				SWIFT_VERSION = 5.0;
				TARGETED_DEVICE_FAMILY = "1,2";
			};
			name = Debug;
		};
		E1DB8FA82F2D646000822052 /* Release */ = {
			isa = XCBuildConfiguration;
			buildSettings = {
				ASSETCATALOG_COMPILER_APPICON_NAME = AppIcon;
				ASSETCATALOG_COMPILER_GLOBAL_ACCENT_COLOR_NAME = AccentColor;
				CODE_SIGN_ENTITLEMENTS = animenews/animenews.entitlements;
				CODE_SIGN_STYLE = Automatic;
				CURRENT_PROJECT_VERSION = 1;
				DEVELOPMENT_ASSET_PATHS = "\"animenews/Preview Content\"";
				ENABLE_PREVIEWS = YES;
				GENERATE_INFOPLIST_FILE = YES;
				"INFOPLIST_KEY_UIApplicationSceneManifest_Generation[sdk=iphoneos*]" = YES;
				"INFOPLIST_KEY_UIApplicationSceneManifest_Generation[sdk=iphonesimulator*]" = YES;
				"INFOPLIST_KEY_UIApplicationSupportsIndirectInputEvents[sdk=iphoneos*]" = YES;
				"INFOPLIST_KEY_UIApplicationSupportsIndirectInputEvents[sdk=iphonesimulator*]" = YES;
				"INFOPLIST_KEY_UILaunchScreen_Generation[sdk=iphoneos*]" = YES;
				"INFOPLIST_KEY_UILaunchScreen_Generation[sdk=iphonesimulator*]" = YES;
				"INFOPLIST_KEY_UIStatusBarStyle[sdk=iphoneos*]" = UIStatusBarStyleDefault;
				"INFOPLIST_KEY_UIStatusBarStyle[sdk=iphonesimulator*]" = UIStatusBarStyleDefault;
				INFOPLIST_KEY_UISupportedInterfaceOrientations_iPad = "UIInterfaceOrientationPortrait UIInterfaceOrientationPortraitUpsideDown UIInterfaceOrientationLandscapeLeft UIInterfaceOrientationLandscapeRight";
				INFOPLIST_KEY_UISupportedInterfaceOrientations_iPhone = "UIInterfaceOrientationPortrait UIInterfaceOrientationLandscapeLeft UIInterfaceOrientationLandscapeRight";
				IPHONEOS_DEPLOYMENT_TARGET = 16.2;
				LD_RUNPATH_SEARCH_PATHS = "@executable_path/Frameworks";
				"LD_RUNPATH_SEARCH_PATHS[sdk=macosx*]" = "@executable_path/../Frameworks";
				MACOSX_DEPLOYMENT_TARGET = 12.7;
				MARKETING_VERSION = 1.0;
				PRODUCT_BUNDLE_IDENTIFIER = com.iairu.animenews;
				PRODUCT_NAME = "$(TARGET_NAME)";
				SDKROOT = auto;
				SUPPORTED_PLATFORMS = "iphoneos iphonesimulator macosx";
				SWIFT_EMIT_LOC_STRINGS = YES;
				SWIFT_VERSION = 5.0;
				TARGETED_DEVICE_FAMILY = "1,2";
			};
			name = Release;
		};
/* End XCBuildConfiguration section */

/* Begin XCConfigurationList section */
		E1DB8F8D2F2D645D00822052 /* Build configuration list for PBXProject "animenews" */ = {
			isa = XCConfigurationList;
			buildConfigurations = (
				E1DB8FA42F2D646000822052 /* Debug */,
				E1DB8FA52F2D646000822052 /* Release */,
			);
			defaultConfigurationIsVisible = 0;
			defaultConfigurationName = Release;
		};
		E1DB8FA62F2D646000822052 /* Build configuration list for PBXNativeTarget "animenews" */ = {
			isa = XCConfigurationList;
			buildConfigurations = (
				E1DB8FA72F2D646000822052 /* Debug */,
				E1DB8FA82F2D646000822052 /* Release */,
			);
			defaultConfigurationIsVisible = 0;
			defaultConfigurationName = Release;
		};
/* End XCConfigurationList section */

/* Begin XCVersionGroup section */
		E1DB8F992F2D645D00822052 /* animenews.xcdatamodeld */ = {
			isa = XCVersionGroup;
			children = (
			);
			path = animenews.xcdatamodeld;
			sourceTree = "<group>";
			versionGroupType = wrapper.xcdatamodel;
		};
/* End XCVersionGroup section */
	};
	rootObject = E1DB8F8A2F2D645D00822052 /* Project object */;
}
